// !$*UTF8*$!
{
	archiveVersion = 1;
	classes = {
	};
	objectVersion = 46;
	objects = {

/* Begin PBXBuildFile section */
		C85419531EC551A3006E8851 /* main.m in Sources */ = {isa = PBXBuildFile; fileRef = C85419521EC551A3006E8851 /* main.m */; };
		C85419561EC551A3006E8851 /* AppDelegate.m in Sources */ = {isa = PBXBuildFile; fileRef = C85419551EC551A3006E8851 /* AppDelegate.m */; };
		C85419591EC551A3006E8851 /* ViewController.m in Sources */ = {isa = PBXBuildFile; fileRef = C85419581EC551A3006E8851 /* ViewController.m */; };
		C854195C1EC551A3006E8851 /* Main.storyboard in Resources */ = {isa = PBXBuildFile; fileRef = C854195A1EC551A3006E8851 /* Main.storyboard */; };
		C854195E1EC551A3006E8851 /* Assets.xcassets in Resources */ = {isa = PBXBuildFile; fileRef = C854195D1EC551A3006E8851 /* Assets.xcassets */; };
		C85419611EC551A3006E8851 /* LaunchScreen.storyboard in Resources */ = {isa = PBXBuildFile; fileRef = C854195F1EC551A3006E8851 /* LaunchScreen.storyboard */; };
		C854196C1EC551A3006E8851 /* travisTestTests.m in Sources */ = {isa = PBXBuildFile; fileRef = C854196B1EC551A3006E8851 /* travisTestTests.m */; };
		C85419771EC551A3006E8851 /* travisTestUITests.m in Sources */ = {isa = PBXBuildFile; fileRef = C85419761EC551A3006E8851 /* travisTestUITests.m */; };
/* End PBXBuildFile section */

/* Begin PBXContainerItemProxy section */
		C85419681EC551A3006E8851 /* PBXContainerItemProxy */ = {
			isa = PBXContainerItemProxy;
			containerPortal = C85419461EC551A3006E8851 /* Project object */;
			proxyType = 1;
			remoteGlobalIDString = C854194D1EC551A3006E8851;
			remoteInfo = travisTest;
		};
		C85419731EC551A3006E8851 /* PBXContainerItemProxy */ = {
			isa = PBXContainerItemProxy;
			containerPortal = C85419461EC551A3006E8851 /* Project object */;
			proxyType = 1;
			remoteGlobalIDString = C854194D1EC551A3006E8851;
			remoteInfo = travisTest;
		};
/* End PBXContainerItemProxy section */

/* Begin PBXFileReference section */
		C854194E1EC551A3006E8851 /* travisTest.app */ = {isa = PBXFileReference; explicitFileType = wrapper.application; includeInIndex = 0; path = travisTest.app; sourceTree = BUILT_PRODUCTS_DIR; };
		C85419521EC551A3006E8851 /* main.m */ = {isa = PBXFileReference; lastKnownFileType = sourcecode.c.objc; path = main.m; sourceTree = "<group>"; };
		C85419541EC551A3006E8851 /* AppDelegate.h */ = {isa = PBXFileReference; lastKnownFileType = sourcecode.c.h; path = AppDelegate.h; sourceTree = "<group>"; };
		C85419551EC551A3006E8851 /* AppDelegate.m */ = {isa = PBXFileReference; lastKnownFileType = sourcecode.c.objc; path = AppDelegate.m; sourceTree = "<group>"; };
		C85419571EC551A3006E8851 /* ViewController.h */ = {isa = PBXFileReference; lastKnownFileType = sourcecode.c.h; path = ViewController.h; sourceTree = "<group>"; };
		C85419581EC551A3006E8851 /* ViewController.m */ = {isa = PBXFileReference; lastKnownFileType = sourcecode.c.objc; path = ViewController.m; sourceTree = "<group>"; };
		C854195B1EC551A3006E8851 /* Base */ = {isa = PBXFileReference; lastKnownFileType = file.storyboard; name = Base; path = Base.lproj/Main.storyboard; sourceTree = "<group>"; };
		C854195D1EC551A3006E8851 /* Assets.xcassets */ = {isa = PBXFileReference; lastKnownFileType = folder.assetcatalog; path = Assets.xcassets; sourceTree = "<group>"; };
		C85419601EC551A3006E8851 /* Base */ = {isa = PBXFileReference; lastKnownFileType = file.storyboard; name = Base; path = Base.lproj/LaunchScreen.storyboard; sourceTree = "<group>"; };
		C85419621EC551A3006E8851 /* Info.plist */ = {isa = PBXFileReference; lastKnownFileType = text.plist.xml; path = Info.plist; sourceTree = "<group>"; };
		C85419671EC551A3006E8851 /* travisTestTests.xctest */ = {isa = PBXFileReference; explicitFileType = wrapper.cfbundle; includeInIndex = 0; path = travisTestTests.xctest; sourceTree = BUILT_PRODUCTS_DIR; };
		C854196B1EC551A3006E8851 /* travisTestTests.m */ = {isa = PBXFileReference; lastKnownFileType = sourcecode.c.objc; path = travisTestTests.m; sourceTree = "<group>"; };
		C854196D1EC551A3006E8851 /* Info.plist */ = {isa = PBXFileReference; lastKnownFileType = text.plist.xml; path = Info.plist; sourceTree = "<group>"; };
		C85419721EC551A3006E8851 /* travisTestUITests.xctest */ = {isa = PBXFileReference; explicitFileType = wrapper.cfbundle; includeInIndex = 0; path = travisTestUITests.xctest; sourceTree = BUILT_PRODUCTS_DIR; };
		C85419761EC551A3006E8851 /* travisTestUITests.m */ = {isa = PBXFileReference; lastKnownFileType = sourcecode.c.objc; path = travisTestUITests.m; sourceTree = "<group>"; };
		C85419781EC551A3006E8851 /* Info.plist */ = {isa = PBXFileReference; lastKnownFileType = text.plist.xml; path = Info.plist; sourceTree = "<group>"; };
/* End PBXFileReference section */

/* Begin PBXFrameworksBuildPhase section */
		C854194B1EC551A3006E8851 /* Frameworks */ = {
			isa = PBXFrameworksBuildPhase;
			buildActionMask = 2147483647;
			files = (
			);
			runOnlyForDeploymentPostprocessing = 0;
		};
		C85419641EC551A3006E8851 /* Frameworks */ = {
			isa = PBXFrameworksBuildPhase;
			buildActionMask = 2147483647;
			files = (
			);
			runOnlyForDeploymentPostprocessing = 0;
		};
		C854196F1EC551A3006E8851 /* Frameworks */ = {
			isa = PBXFrameworksBuildPhase;
			buildActionMask = 2147483647;
			files = (
			);
			runOnlyForDeploymentPostprocessing = 0;
		};
/* End PBXFrameworksBuildPhase section */

/* Begin PBXGroup section */
		C85419451EC551A3006E8851 = {
			isa = PBXGroup;
			children = (
				C85419501EC551A3006E8851 /* travisTest */,
				C854196A1EC551A3006E8851 /* travisTestTests */,
				C85419751EC551A3006E8851 /* travisTestUITests */,
				C854194F1EC551A3006E8851 /* Products */,
			);
			sourceTree = "<group>";
		};
		C854194F1EC551A3006E8851 /* Products */ = {
			isa = PBXGroup;
			children = (
				C854194E1EC551A3006E8851 /* travisTest.app */,
				C85419671EC551A3006E8851 /* travisTestTests.xctest */,
				C85419721EC551A3006E8851 /* travisTestUITests.xctest */,
			);
			name = Products;
			sourceTree = "<group>";
		};
		C85419501EC551A3006E8851 /* travisTest */ = {
			isa = PBXGroup;
			children = (
				C85419541EC551A3006E8851 /* AppDelegate.h */,
				C85419551EC551A3006E8851 /* AppDelegate.m */,
				C85419571EC551A3006E8851 /* ViewController.h */,
				C85419581EC551A3006E8851 /* ViewController.m */,
				C854195A1EC551A3006E8851 /* Main.storyboard */,
				C854195D1EC551A3006E8851 /* Assets.xcassets */,
				C854195F1EC551A3006E8851 /* LaunchScreen.storyboard */,
				C85419621EC551A3006E8851 /* Info.plist */,
				C85419511EC551A3006E8851 /* Supporting Files */,
			);
			path = travisTest;
			sourceTree = "<group>";
		};
		C85419511EC551A3006E8851 /* Supporting Files */ = {
			isa = PBXGroup;
			children = (
				C85419521EC551A3006E8851 /* main.m */,
			);
			name = "Supporting Files";
			sourceTree = "<group>";
		};
		C854196A1EC551A3006E8851 /* travisTestTests */ = {
			isa = PBXGroup;
			children = (
				C854196B1EC551A3006E8851 /* travisTestTests.m */,
				C854196D1EC551A3006E8851 /* Info.plist */,
			);
			path = travisTestTests;
			sourceTree = "<group>";
		};
		C85419751EC551A3006E8851 /* travisTestUITests */ = {
			isa = PBXGroup;
			children = (
				C85419761EC551A3006E8851 /* travisTestUITests.m */,
				C85419781EC551A3006E8851 /* Info.plist */,
			);
			path = travisTestUITests;
			sourceTree = "<group>";
		};
/* End PBXGroup section */

/* Begin PBXNativeTarget section */
		C854194D1EC551A3006E8851 /* travisTest */ = {
			isa = PBXNativeTarget;
			buildConfigurationList = C854197B1EC551A3006E8851 /* Build configuration list for PBXNativeTarget "travisTest" */;
			buildPhases = (
				C854194A1EC551A3006E8851 /* Sources */,
				C854194B1EC551A3006E8851 /* Frameworks */,
				C854194C1EC551A3006E8851 /* Resources */,
			);
			buildRules = (
			);
			dependencies = (
			);
			name = travisTest;
			productName = travisTest;
			productReference = C854194E1EC551A3006E8851 /* travisTest.app */;
			productType = "com.apple.product-type.application";
		};
		C85419661EC551A3006E8851 /* travisTestTests */ = {
			isa = PBXNativeTarget;
			buildConfigurationList = C854197E1EC551A3006E8851 /* Build configuration list for PBXNativeTarget "travisTestTests" */;
			buildPhases = (
				C85419631EC551A3006E8851 /* Sources */,
				C85419641EC551A3006E8851 /* Frameworks */,
				C85419651EC551A3006E8851 /* Resources */,
			);
			buildRules = (
			);
			dependencies = (
				C85419691EC551A3006E8851 /* PBXTargetDependency */,
			);
			name = travisTestTests;
			productName = travisTestTests;
			productReference = C85419671EC551A3006E8851 /* travisTestTests.xctest */;
			productType = "com.apple.product-type.bundle.unit-test";
		};
		C85419711EC551A3006E8851 /* travisTestUITests */ = {
			isa = PBXNativeTarget;
			buildConfigurationList = C85419811EC551A3006E8851 /* Build configuration list for PBXNativeTarget "travisTestUITests" */;
			buildPhases = (
				C854196E1EC551A3006E8851 /* Sources */,
				C854196F1EC551A3006E8851 /* Frameworks */,
				C85419701EC551A3006E8851 /* Resources */,
			);
			buildRules = (
			);
			dependencies = (
				C85419741EC551A3006E8851 /* PBXTargetDependency */,
			);
			name = travisTestUITests;
			productName = travisTestUITests;
			productReference = C85419721EC551A3006E8851 /* travisTestUITests.xctest */;
			productType = "com.apple.product-type.bundle.ui-testing";
		};
/* End PBXNativeTarget section */

/* Begin PBXProject section */
		C85419461EC551A3006E8851 /* Project object */ = {
			isa = PBXProject;
			attributes = {
				LastUpgradeCheck = 0830;
				ORGANIZATIONNAME = Siera;
				TargetAttributes = {
					C854194D1EC551A3006E8851 = {
						CreatedOnToolsVersion = 8.3.1;
						DevelopmentTeam = L6998E3447;
						ProvisioningStyle = Automatic;
					};
					C85419661EC551A3006E8851 = {
						CreatedOnToolsVersion = 8.3.1;
						DevelopmentTeam = L6998E3447;
						ProvisioningStyle = Automatic;
						TestTargetID = C854194D1EC551A3006E8851;
					};
					C85419711EC551A3006E8851 = {
						CreatedOnToolsVersion = 8.3.1;
						DevelopmentTeam = L6998E3447;
						ProvisioningStyle = Automatic;
						TestTargetID = C854194D1EC551A3006E8851;
					};
				};
			};
			buildConfigurationList = C85419491EC551A3006E8851 /* Build configuration list for PBXProject "travisTest" */;
			compatibilityVersion = "Xcode 3.2";
			developmentRegion = English;
			hasScannedForEncodings = 0;
			knownRegions = (
				en,
				Base,
			);
			mainGroup = C85419451EC551A3006E8851;
			productRefGroup = C854194F1EC551A3006E8851 /* Products */;
			projectDirPath = "";
			projectRoot = "";
			targets = (
				C854194D1EC551A3006E8851 /* travisTest */,
				C85419661EC551A3006E8851 /* travisTestTests */,
				C85419711EC551A3006E8851 /* travisTestUITests */,
			);
		};
/* End PBXProject section */

/* Begin PBXResourcesBuildPhase section */
		C854194C1EC551A3006E8851 /* Resources */ = {
			isa = PBXResourcesBuildPhase;
			buildActionMask = 2147483647;
			files = (
				C85419611EC551A3006E8851 /* LaunchScreen.storyboard in Resources */,
				C854195E1EC551A3006E8851 /* Assets.xcassets in Resources */,
				C854195C1EC551A3006E8851 /* Main.storyboard in Resources */,
			);
			runOnlyForDeploymentPostprocessing = 0;
		};
		C85419651EC551A3006E8851 /* Resources */ = {
			isa = PBXResourcesBuildPhase;
			buildActionMask = 2147483647;
			files = (
			);
			runOnlyForDeploymentPostprocessing = 0;
		};
		C85419701EC551A3006E8851 /* Resources */ = {
			isa = PBXResourcesBuildPhase;
			buildActionMask = 2147483647;
			files = (
			);
			runOnlyForDeploymentPostprocessing = 0;
		};
/* End PBXResourcesBuildPhase section */

/* Begin PBXSourcesBuildPhase section */
		C854194A1EC551A3006E8851 /* Sources */ = {
			isa = PBXSourcesBuildPhase;
			buildActionMask = 2147483647;
			files = (
				C85419591EC551A3006E8851 /* ViewController.m in Sources */,
				C85419561EC551A3006E8851 /* AppDelegate.m in Sources */,
				C85419531EC551A3006E8851 /* main.m in Sources */,
			);
			runOnlyForDeploymentPostprocessing = 0;
		};
		C85419631EC551A3006E8851 /* Sources */ = {
			isa = PBXSourcesBuildPhase;
			buildActionMask = 2147483647;
			files = (
				C854196C1EC551A3006E8851 /* travisTestTests.m in Sources */,
			);
			runOnlyForDeploymentPostprocessing = 0;
		};
		C854196E1EC551A3006E8851 /* Sources */ = {
			isa = PBXSourcesBuildPhase;
			buildActionMask = 2147483647;
			files = (
				C85419771EC551A3006E8851 /* travisTestUITests.m in Sources */,
			);
			runOnlyForDeploymentPostprocessing = 0;
		};
/* End PBXSourcesBuildPhase section */

/* Begin PBXTargetDependency section */
		C85419691EC551A3006E8851 /* PBXTargetDependency */ = {
			isa = PBXTargetDependency;
			target = C854194D1EC551A3006E8851 /* travisTest */;
			targetProxy = C85419681EC551A3006E8851 /* PBXContainerItemProxy */;
		};
		C85419741EC551A3006E8851 /* PBXTargetDependency */ = {
			isa = PBXTargetDependency;
			target = C854194D1EC551A3006E8851 /* travisTest */;
			targetProxy = C85419731EC551A3006E8851 /* PBXContainerItemProxy */;
		};
/* End PBXTargetDependency section */

/* Begin PBXVariantGroup section */
		C854195A1EC551A3006E8851 /* Main.storyboard */ = {
			isa = PBXVariantGroup;
			children = (
				C854195B1EC551A3006E8851 /* Base */,
			);
			name = Main.storyboard;
			sourceTree = "<group>";
		};
		C854195F1EC551A3006E8851 /* LaunchScreen.storyboard */ = {
			isa = PBXVariantGroup;
			children = (
				C85419601EC551A3006E8851 /* Base */,
			);
			name = LaunchScreen.storyboard;
			sourceTree = "<group>";
		};
/* End PBXVariantGroup section */

/* Begin XCBuildConfiguration section */
		C85419791EC551A3006E8851 /* Debug */ = {
			isa = XCBuildConfiguration;
			buildSettings = {
				ALWAYS_SEARCH_USER_PATHS = NO;
				CLANG_ANALYZER_NONNULL = YES;
				CLANG_ANALYZER_NUMBER_OBJECT_CONVERSION = YES_AGGRESSIVE;
				CLANG_CXX_LANGUAGE_STANDARD = "gnu++0x";
				CLANG_CXX_LIBRARY = "libc++";
				CLANG_ENABLE_MODULES = YES;
				CLANG_ENABLE_OBJC_ARC = YES;
				CLANG_WARN_BOOL_CONVERSION = YES;
				CLANG_WARN_CONSTANT_CONVERSION = YES;
				CLANG_WARN_DIRECT_OBJC_ISA_USAGE = YES_ERROR;
				CLANG_WARN_DOCUMENTATION_COMMENTS = YES;
				CLANG_WARN_EMPTY_BODY = YES;
				CLANG_WARN_ENUM_CONVERSION = YES;
				CLANG_WARN_INFINITE_RECURSION = YES;
				CLANG_WARN_INT_CONVERSION = YES;
				CLANG_WARN_OBJC_ROOT_CLASS = YES_ERROR;
				CLANG_WARN_SUSPICIOUS_MOVE = YES;
				CLANG_WARN_UNREACHABLE_CODE = YES;
				CLANG_WARN__DUPLICATE_METHOD_MATCH = YES;
				"CODE_SIGN_IDENTITY[sdk=iphoneos*]" = "iPhone Developer";
				COPY_PHASE_STRIP = NO;
				DEBUG_INFORMATION_FORMAT = dwarf;
				ENABLE_STRICT_OBJC_MSGSEND = YES;
				ENABLE_TESTABILITY = YES;
				GCC_C_LANGUAGE_STANDARD = gnu99;
				GCC_DYNAMIC_NO_PIC = NO;
				GCC_NO_COMMON_BLOCKS = YES;
				GCC_OPTIMIZATION_LEVEL = 0;
				GCC_PREPROCESSOR_DEFINITIONS = (
					"DEBUG=1",
					"$(inherited)",
				);
				GCC_WARN_64_TO_32_BIT_CONVERSION = YES;
				GCC_WARN_ABOUT_RETURN_TYPE = YES_ERROR;
				GCC_WARN_UNDECLARED_SELECTOR = YES;
				GCC_WARN_UNINITIALIZED_AUTOS = YES_AGGRESSIVE;
				GCC_WARN_UNUSED_FUNCTION = YES;
				GCC_WARN_UNUSED_VARIABLE = YES;
				IPHONEOS_DEPLOYMENT_TARGET = 10.3;
				MTL_ENABLE_DEBUG_INFO = YES;
				ONLY_ACTIVE_ARCH = YES;
				SDKROOT = iphoneos;
			};
			name = Debug;
		};
		C854197A1EC551A3006E8851 /* Release */ = {
			isa = XCBuildConfiguration;
			buildSettings = {
				ALWAYS_SEARCH_USER_PATHS = NO;
				CLANG_ANALYZER_NONNULL = YES;
				CLANG_ANALYZER_NUMBER_OBJECT_CONVERSION = YES_AGGRESSIVE;
				CLANG_CXX_LANGUAGE_STANDARD = "gnu++0x";
				CLANG_CXX_LIBRARY = "libc++";
				CLANG_ENABLE_MODULES = YES;
				CLANG_ENABLE_OBJC_ARC = YES;
				CLANG_WARN_BOOL_CONVERSION = YES;
				CLANG_WARN_CONSTANT_CONVERSION = YES;
				CLANG_WARN_DIRECT_OBJC_ISA_USAGE = YES_ERROR;
				CLANG_WARN_DOCUMENTATION_COMMENTS = YES;
				CLANG_WARN_EMPTY_BODY = YES;
				CLANG_WARN_ENUM_CONVERSION = YES;
				CLANG_WARN_INFINITE_RECURSION = YES;
				CLANG_WARN_INT_CONVERSION = YES;
				CLANG_WARN_OBJC_ROOT_CLASS = YES_ERROR;
				CLANG_WARN_SUSPICIOUS_MOVE = YES;
				CLANG_WARN_UNREACHABLE_CODE = YES;
				CLANG_WARN__DUPLICATE_METHOD_MATCH = YES;
				"CODE_SIGN_IDENTITY[sdk=iphoneos*]" = "iPhone Developer";
				COPY_PHASE_STRIP = NO;
				DEBUG_INFORMATION_FORMAT = "dwarf-with-dsym";
				ENABLE_NS_ASSERTIONS = NO;
				ENABLE_STRICT_OBJC_MSGSEND = YES;
				GCC_C_LANGUAGE_STANDARD = gnu99;
				GCC_NO_COMMON_BLOCKS = YES;
				GCC_WARN_64_TO_32_BIT_CONVERSION = YES;
				GCC_WARN_ABOUT_RETURN_TYPE = YES_ERROR;
				GCC_WARN_UNDECLARED_SELECTOR = YES;
				GCC_WARN_UNINITIALIZED_AUTOS = YES_AGGRESSIVE;
				GCC_WARN_UNUSED_FUNCTION = YES;
				GCC_WARN_UNUSED_VARIABLE = YES;
				IPHONEOS_DEPLOYMENT_TARGET = 10.3;
				MTL_ENABLE_DEBUG_INFO = NO;
				SDKROOT = iphoneos;
				VALIDATE_PRODUCT = YES;
			};
			name = Release;
		};
		C854197C1EC551A3006E8851 /* Debug */ = {
			isa = XCBuildConfiguration;
			buildSettings = {
				ASSETCATALOG_COMPILER_APPICON_NAME = AppIcon;
				DEVELOPMENT_TEAM = L6998E3447;
				INFOPLIST_FILE = travisTest/Info.plist;
				LD_RUNPATH_SEARCH_PATHS = "$(inherited) @executable_path/Frameworks";
				PRODUCT_BUNDLE_IDENTIFIER = pub.freestyler.agz.travisTest;
				PRODUCT_NAME = "$(TARGET_NAME)";
			};
			name = Debug;
		};
		C854197D1EC551A3006E8851 /* Release */ = {
			isa = XCBuildConfiguration;
			buildSettings = {
				ASSETCATALOG_COMPILER_APPICON_NAME = AppIcon;
				DEVELOPMENT_TEAM = L6998E3447;
				INFOPLIST_FILE = travisTest/Info.plist;
				LD_RUNPATH_SEARCH_PATHS = "$(inherited) @executable_path/Frameworks";
				PRODUCT_BUNDLE_IDENTIFIER = pub.freestyler.agz.travisTest;
				PRODUCT_NAME = "$(TARGET_NAME)";
			};
			name = Release;
		};
		C854197F1EC551A3006E8851 /* Debug */ = {
			isa = XCBuildConfiguration;
			buildSettings = {
				BUNDLE_LOADER = "$(TEST_HOST)";
				DEVELOPMENT_TEAM = L6998E3447;
				INFOPLIST_FILE = travisTestTests/Info.plist;
				LD_RUNPATH_SEARCH_PATHS = "$(inherited) @executable_path/Frameworks @loader_path/Frameworks";
				PRODUCT_BUNDLE_IDENTIFIER = pub.freestyler.agz.travisTestTests;
				PRODUCT_NAME = "$(TARGET_NAME)";
				TEST_HOST = "$(BUILT_PRODUCTS_DIR)/travisTest.app/travisTest";
			};
			name = Debug;
		};
		C85419801EC551A3006E8851 /* Release */ = {
			isa = XCBuildConfiguration;
			buildSettings = {
				BUNDLE_LOADER = "$(TEST_HOST)";
				DEVELOPMENT_TEAM = L6998E3447;
				INFOPLIST_FILE = travisTestTests/Info.plist;
				LD_RUNPATH_SEARCH_PATHS = "$(inherited) @executable_path/Frameworks @loader_path/Frameworks";
				PRODUCT_BUNDLE_IDENTIFIER = pub.freestyler.agz.travisTestTests;
				PRODUCT_NAME = "$(TARGET_NAME)";
				TEST_HOST = "$(BUILT_PRODUCTS_DIR)/travisTest.app/travisTest";
			};
			name = Release;
		};
		C85419821EC551A3006E8851 /* Debug */ = {
			isa = XCBuildConfiguration;
			buildSettings = {
				DEVELOPMENT_TEAM = L6998E3447;
				INFOPLIST_FILE = travisTestUITests/Info.plist;
				LD_RUNPATH_SEARCH_PATHS = "$(inherited) @executable_path/Frameworks @loader_path/Frameworks";
				PRODUCT_BUNDLE_IDENTIFIER = pub.freestyler.agz.travisTestUITests;
				PRODUCT_NAME = "$(TARGET_NAME)";
				TEST_TARGET_NAME = travisTest;
			};
			name = Debug;
		};
		C85419831EC551A3006E8851 /* Release */ = {
			isa = XCBuildConfiguration;
			buildSettings = {
				DEVELOPMENT_TEAM = L6998E3447;
				INFOPLIST_FILE = travisTestUITests/Info.plist;
				LD_RUNPATH_SEARCH_PATHS = "$(inherited) @executable_path/Frameworks @loader_path/Frameworks";
				PRODUCT_BUNDLE_IDENTIFIER = pub.freestyler.agz.travisTestUITests;
				PRODUCT_NAME = "$(TARGET_NAME)";
				TEST_TARGET_NAME = travisTest;
			};
			name = Release;
		};
/* End XCBuildConfiguration section */

/* Begin XCConfigurationList section */
		C85419491EC551A3006E8851 /* Build configuration list for PBXProject "travisTest" */ = {
			isa = XCConfigurationList;
			buildConfigurations = (
				C85419791EC551A3006E8851 /* Debug */,
				C854197A1EC551A3006E8851 /* Release */,
			);
			defaultConfigurationIsVisible = 0;
			defaultConfigurationName = Release;
		};
		C854197B1EC551A3006E8851 /* Build configuration list for PBXNativeTarget "travisTest" */ = {
			isa = XCConfigurationList;
			buildConfigurations = (
				C854197C1EC551A3006E8851 /* Debug */,
				C854197D1EC551A3006E8851 /* Release */,
			);
			defaultConfigurationIsVisible = 0;
		};
		C854197E1EC551A3006E8851 /* Build configuration list for PBXNativeTarget "travisTestTests" */ = {
			isa = XCConfigurationList;
			buildConfigurations = (
				C854197F1EC551A3006E8851 /* Debug */,
				C85419801EC551A3006E8851 /* Release */,
			);
			defaultConfigurationIsVisible = 0;
		};
		C85419811EC551A3006E8851 /* Build configuration list for PBXNativeTarget "travisTestUITests" */ = {
			isa = XCConfigurationList;
			buildConfigurations = (
				C85419821EC551A3006E8851 /* Debug */,
				C85419831EC551A3006E8851 /* Release */,
			);
			defaultConfigurationIsVisible = 0;
		};
/* End XCConfigurationList section */
	};
	rootObject = C85419461EC551A3006E8851 /* Project object */;
}
